// !$*UTF8*$!
{
	archiveVersion = 1;
	classes = {
	};
	objectVersion = 56;
	objects = {

/* Begin PBXBuildFile section */
		51089B662A6ED80200C56105 /* ItemDetailView.swift in Sources */ = {isa = PBXBuildFile; fileRef = 51089B652A6ED80200C56105 /* ItemDetailView.swift */; };
		51089B922A704A4C00C56105 /* DMMerch.xcdatamodeld in Sources */ = {isa = PBXBuildFile; fileRef = 51089B832A704A4C00C56105 /* DMMerch.xcdatamodeld */; };
		51089BA32A704A7E00C56105 /* Purchase+CoreDataClass.swift in Sources */ = {isa = PBXBuildFile; fileRef = 51089B992A704A7E00C56105 /* Purchase+CoreDataClass.swift */; };
		51089BA42A704A7E00C56105 /* Purchase+CoreDataProperties.swift in Sources */ = {isa = PBXBuildFile; fileRef = 51089B9A2A704A7E00C56105 /* Purchase+CoreDataProperties.swift */; };
		51089BA72A704A7E00C56105 /* Tag+CoreDataClass.swift in Sources */ = {isa = PBXBuildFile; fileRef = 51089B9D2A704A7E00C56105 /* Tag+CoreDataClass.swift */; };
		51089BA82A704A7E00C56105 /* Tag+CoreDataProperties.swift in Sources */ = {isa = PBXBuildFile; fileRef = 51089B9E2A704A7E00C56105 /* Tag+CoreDataProperties.swift */; };
		51089BA92A704A7E00C56105 /* ItemType+CoreDataClass.swift in Sources */ = {isa = PBXBuildFile; fileRef = 51089B9F2A704A7E00C56105 /* ItemType+CoreDataClass.swift */; };
		51089BAA2A704A7E00C56105 /* ItemType+CoreDataProperties.swift in Sources */ = {isa = PBXBuildFile; fileRef = 51089BA02A704A7E00C56105 /* ItemType+CoreDataProperties.swift */; };
		51089BAC2A7075CB00C56105 /* Persistence.swift in Sources */ = {isa = PBXBuildFile; fileRef = 51089BAB2A7075CB00C56105 /* Persistence.swift */; };
		513E12E02A3A04FD001107CF /* ExportCSV.swift in Sources */ = {isa = PBXBuildFile; fileRef = 513E12DF2A3A04FD001107CF /* ExportCSV.swift */; };
		513F96B9299FD12700E9DCC2 /* AddItemView (outdated).swift in Sources */ = {isa = PBXBuildFile; fileRef = 513F96B8299FD12700E9DCC2 /* AddItemView (outdated).swift */; };
		513F96BB299FD15400E9DCC2 /* DetailView.swift in Sources */ = {isa = PBXBuildFile; fileRef = 513F96BA299FD15400E9DCC2 /* DetailView.swift */; };
		51405B5C29F4F819005841E6 /* csvExport.swift in Sources */ = {isa = PBXBuildFile; fileRef = 51405B5B29F4F819005841E6 /* csvExport.swift */; };
		514AF24729B1115200AE1E41 /* jsonData.json in Resources */ = {isa = PBXBuildFile; fileRef = 514AF24629B1115200AE1E41 /* jsonData.json */; };
		515B77702A5F0F1500908626 /* PurchaseCard.swift in Sources */ = {isa = PBXBuildFile; fileRef = 515B776F2A5F0F1500908626 /* PurchaseCard.swift */; };
		516E95C629A554CC0069259F /* StepperStyle.swift in Sources */ = {isa = PBXBuildFile; fileRef = 516E95C529A554CC0069259F /* StepperStyle.swift */; };
		516FEB4429CA18740082E9FB /* Image Processing.swift in Sources */ = {isa = PBXBuildFile; fileRef = 516FEB4329CA18740082E9FB /* Image Processing.swift */; };
		516FEB4729CE0A3B0082E9FB /* StatisticsView.swift in Sources */ = {isa = PBXBuildFile; fileRef = 516FEB4629CE0A3B0082E9FB /* StatisticsView.swift */; };
		51701E262A571B3A00D16B13 /* InventoryCard.swift in Sources */ = {isa = PBXBuildFile; fileRef = 51701E252A571B3A00D16B13 /* InventoryCard.swift */; };
		51701E2A2A58761600D16B13 /* LeagueSpartan.ttf in Resources */ = {isa = PBXBuildFile; fileRef = 51701E292A58761600D16B13 /* LeagueSpartan.ttf */; };
		51701E2E2A58772700D16B13 /* LeagueSpartan-Bold.ttf in Resources */ = {isa = PBXBuildFile; fileRef = 51701E2D2A58772600D16B13 /* LeagueSpartan-Bold.ttf */; };
		517C72132A699FCD0066AF09 /* TypesView.swift in Sources */ = {isa = PBXBuildFile; fileRef = 517C72122A699FCD0066AF09 /* TypesView.swift */; };
		518CF2C829A3E145005A46A6 /* TransactionDetailView.swift in Sources */ = {isa = PBXBuildFile; fileRef = 518CF2C729A3E145005A46A6 /* TransactionDetailView.swift */; };
		5197151629B5400500484B8B /* EditItemView.swift in Sources */ = {isa = PBXBuildFile; fileRef = 5197151529B5400500484B8B /* EditItemView.swift */; };
		51A3166729B07431000D74A5 /* InventoryRow (outdated).swift in Sources */ = {isa = PBXBuildFile; fileRef = 51A3166629B07431000D74A5 /* InventoryRow (outdated).swift */; };
		51A3166929B07E5D000D74A5 /* HexColors.swift in Sources */ = {isa = PBXBuildFile; fileRef = 51A3166829B07E5D000D74A5 /* HexColors.swift */; };
		51ACFCC92A8E7750006B1C43 /* AddItem.swift in Sources */ = {isa = PBXBuildFile; fileRef = 51ACFCC82A8E7750006B1C43 /* AddItem.swift */; };
		51BCA797299E912300F746E8 /* DMMerchApp.swift in Sources */ = {isa = PBXBuildFile; fileRef = 51BCA796299E912300F746E8 /* DMMerchApp.swift */; };
		51BCA799299E912300F746E8 /* ContentView.swift in Sources */ = {isa = PBXBuildFile; fileRef = 51BCA798299E912300F746E8 /* ContentView.swift */; };
		51BCA79B299E912400F746E8 /* Assets.xcassets in Resources */ = {isa = PBXBuildFile; fileRef = 51BCA79A299E912400F746E8 /* Assets.xcassets */; };
		51BCA79E299E912400F746E8 /* Preview Assets.xcassets in Resources */ = {isa = PBXBuildFile; fileRef = 51BCA79D299E912400F746E8 /* Preview Assets.xcassets */; };
		51E432A329A1A3CE00D60D33 /* InventoryView.swift in Sources */ = {isa = PBXBuildFile; fileRef = 51E432A229A1A3CE00D60D33 /* InventoryView.swift */; };
		51E432A529A1A3DA00D60D33 /* NewPurchaseView.swift in Sources */ = {isa = PBXBuildFile; fileRef = 51E432A429A1A3DA00D60D33 /* NewPurchaseView.swift */; };
		51E432A729A1A3E800D60D33 /* TransactionsView.swift in Sources */ = {isa = PBXBuildFile; fileRef = 51E432A629A1A3E800D60D33 /* TransactionsView.swift */; };
		51E432AC29A1A80700D60D33 /* PurchaseRow (outdated).swift in Sources */ = {isa = PBXBuildFile; fileRef = 51E432AB29A1A80700D60D33 /* PurchaseRow (outdated).swift */; };
		51E432AE29A322FE00D60D33 /* CartItemStruct.swift in Sources */ = {isa = PBXBuildFile; fileRef = 51E432AD29A322FE00D60D33 /* CartItemStruct.swift */; };
		51E432B029A3D20200D60D33 /* CompletePurchaseView.swift in Sources */ = {isa = PBXBuildFile; fileRef = 51E432AF29A3D20200D60D33 /* CompletePurchaseView.swift */; };
		51E8969C2A717FDC0098E5AD /* ItemSize+CoreDataClass.swift in Sources */ = {isa = PBXBuildFile; fileRef = 51E896962A717FDC0098E5AD /* ItemSize+CoreDataClass.swift */; };
		51E8969D2A717FDC0098E5AD /* ItemSize+CoreDataProperties.swift in Sources */ = {isa = PBXBuildFile; fileRef = 51E896972A717FDC0098E5AD /* ItemSize+CoreDataProperties.swift */; };
		51E8969E2A717FDC0098E5AD /* ItemColor+CoreDataClass.swift in Sources */ = {isa = PBXBuildFile; fileRef = 51E896982A717FDC0098E5AD /* ItemColor+CoreDataClass.swift */; };
		51E8969F2A717FDC0098E5AD /* ItemColor+CoreDataProperties.swift in Sources */ = {isa = PBXBuildFile; fileRef = 51E896992A717FDC0098E5AD /* ItemColor+CoreDataProperties.swift */; };
		51E896A52A7352D60098E5AD /* EditingInventory.swift in Sources */ = {isa = PBXBuildFile; fileRef = 51E896A42A7352D60098E5AD /* EditingInventory.swift */; };
		51E896A92A77F0FA0098E5AD /* CountInventory.swift in Sources */ = {isa = PBXBuildFile; fileRef = 51E896A82A77F0FA0098E5AD /* CountInventory.swift */; };
		51E896AC2A77F6A80098E5AD /* Item+CoreDataClass.swift in Sources */ = {isa = PBXBuildFile; fileRef = 51E896AA2A77F6A80098E5AD /* Item+CoreDataClass.swift */; };
		51E896AD2A77F6A80098E5AD /* Item+CoreDataProperties.swift in Sources */ = {isa = PBXBuildFile; fileRef = 51E896AB2A77F6A80098E5AD /* Item+CoreDataProperties.swift */; };
		51E896AF2A782B910098E5AD /* ItemPurchaseSearch.swift in Sources */ = {isa = PBXBuildFile; fileRef = 51E896AE2A782B910098E5AD /* ItemPurchaseSearch.swift */; };
		51E896B22A796E6F0098E5AD /* EditTags.swift in Sources */ = {isa = PBXBuildFile; fileRef = 51E896B12A796E6F0098E5AD /* EditTags.swift */; };
		51E896B42A796E7C0098E5AD /* EditOrders.swift in Sources */ = {isa = PBXBuildFile; fileRef = 51E896B32A796E7C0098E5AD /* EditOrders.swift */; };
		51E896B62A796E880098E5AD /* EditDiscontinued.swift in Sources */ = {isa = PBXBuildFile; fileRef = 51E896B52A796E880098E5AD /* EditDiscontinued.swift */; };
		51E896B92A7E9BCD0098E5AD /* CompletePurchase.swift in Sources */ = {isa = PBXBuildFile; fileRef = 51E896B82A7E9BCD0098E5AD /* CompletePurchase.swift */; };
/* End PBXBuildFile section */

/* Begin PBXFileReference section */
		51089B652A6ED80200C56105 /* ItemDetailView.swift */ = {isa = PBXFileReference; lastKnownFileType = sourcecode.swift; path = ItemDetailView.swift; sourceTree = "<group>"; };
		51089B842A704A4C00C56105 /* DMMerch.xcdatamodel */ = {isa = PBXFileReference; lastKnownFileType = wrapper.xcdatamodel; path = DMMerch.xcdatamodel; sourceTree = "<group>"; };
		51089B992A704A7E00C56105 /* Purchase+CoreDataClass.swift */ = {isa = PBXFileReference; lastKnownFileType = sourcecode.swift; path = "Purchase+CoreDataClass.swift"; sourceTree = "<group>"; };
		51089B9A2A704A7E00C56105 /* Purchase+CoreDataProperties.swift */ = {isa = PBXFileReference; lastKnownFileType = sourcecode.swift; path = "Purchase+CoreDataProperties.swift"; sourceTree = "<group>"; };
		51089B9D2A704A7E00C56105 /* Tag+CoreDataClass.swift */ = {isa = PBXFileReference; lastKnownFileType = sourcecode.swift; path = "Tag+CoreDataClass.swift"; sourceTree = "<group>"; };
		51089B9E2A704A7E00C56105 /* Tag+CoreDataProperties.swift */ = {isa = PBXFileReference; lastKnownFileType = sourcecode.swift; path = "Tag+CoreDataProperties.swift"; sourceTree = "<group>"; };
		51089B9F2A704A7E00C56105 /* ItemType+CoreDataClass.swift */ = {isa = PBXFileReference; lastKnownFileType = sourcecode.swift; path = "ItemType+CoreDataClass.swift"; sourceTree = "<group>"; };
		51089BA02A704A7E00C56105 /* ItemType+CoreDataProperties.swift */ = {isa = PBXFileReference; lastKnownFileType = sourcecode.swift; path = "ItemType+CoreDataProperties.swift"; sourceTree = "<group>"; };
		51089BAB2A7075CB00C56105 /* Persistence.swift */ = {isa = PBXFileReference; fileEncoding = 4; lastKnownFileType = sourcecode.swift; path = Persistence.swift; sourceTree = "<group>"; };
		513E12DF2A3A04FD001107CF /* ExportCSV.swift */ = {isa = PBXFileReference; lastKnownFileType = sourcecode.swift; path = ExportCSV.swift; sourceTree = "<group>"; };
		513F96B8299FD12700E9DCC2 /* AddItemView (outdated).swift */ = {isa = PBXFileReference; lastKnownFileType = sourcecode.swift; path = "AddItemView (outdated).swift"; sourceTree = "<group>"; };
		513F96BA299FD15400E9DCC2 /* DetailView.swift */ = {isa = PBXFileReference; lastKnownFileType = sourcecode.swift; path = DetailView.swift; sourceTree = "<group>"; };
		51405B5B29F4F819005841E6 /* csvExport.swift */ = {isa = PBXFileReference; lastKnownFileType = sourcecode.swift; path = csvExport.swift; sourceTree = "<group>"; };
		514AF24629B1115200AE1E41 /* jsonData.json */ = {isa = PBXFileReference; fileEncoding = 4; lastKnownFileType = text.json; path = jsonData.json; sourceTree = "<group>"; };
		515B776F2A5F0F1500908626 /* PurchaseCard.swift */ = {isa = PBXFileReference; lastKnownFileType = sourcecode.swift; path = PurchaseCard.swift; sourceTree = "<group>"; };
		516E95C529A554CC0069259F /* StepperStyle.swift */ = {isa = PBXFileReference; lastKnownFileType = sourcecode.swift; path = StepperStyle.swift; sourceTree = "<group>"; };
		516FEB4329CA18740082E9FB /* Image Processing.swift */ = {isa = PBXFileReference; lastKnownFileType = sourcecode.swift; path = "Image Processing.swift"; sourceTree = "<group>"; };
		516FEB4629CE0A3B0082E9FB /* StatisticsView.swift */ = {isa = PBXFileReference; lastKnownFileType = sourcecode.swift; path = StatisticsView.swift; sourceTree = "<group>"; };
		51701E252A571B3A00D16B13 /* InventoryCard.swift */ = {isa = PBXFileReference; lastKnownFileType = sourcecode.swift; path = InventoryCard.swift; sourceTree = "<group>"; };
		51701E292A58761600D16B13 /* LeagueSpartan.ttf */ = {isa = PBXFileReference; lastKnownFileType = file; path = LeagueSpartan.ttf; sourceTree = "<group>"; };
		51701E2D2A58772600D16B13 /* LeagueSpartan-Bold.ttf */ = {isa = PBXFileReference; lastKnownFileType = file; path = "LeagueSpartan-Bold.ttf"; sourceTree = "<group>"; };
		517C72122A699FCD0066AF09 /* TypesView.swift */ = {isa = PBXFileReference; lastKnownFileType = sourcecode.swift; path = TypesView.swift; sourceTree = "<group>"; };
		518CF2C729A3E145005A46A6 /* TransactionDetailView.swift */ = {isa = PBXFileReference; lastKnownFileType = sourcecode.swift; path = TransactionDetailView.swift; sourceTree = "<group>"; };
		5197151529B5400500484B8B /* EditItemView.swift */ = {isa = PBXFileReference; lastKnownFileType = sourcecode.swift; path = EditItemView.swift; sourceTree = "<group>"; };
		51A3166629B07431000D74A5 /* InventoryRow (outdated).swift */ = {isa = PBXFileReference; lastKnownFileType = sourcecode.swift; path = "InventoryRow (outdated).swift"; sourceTree = "<group>"; };
		51A3166829B07E5D000D74A5 /* HexColors.swift */ = {isa = PBXFileReference; lastKnownFileType = sourcecode.swift; path = HexColors.swift; sourceTree = "<group>"; };
		51ACFCC82A8E7750006B1C43 /* AddItem.swift */ = {isa = PBXFileReference; lastKnownFileType = sourcecode.swift; path = AddItem.swift; sourceTree = "<group>"; };
		51BCA793299E912300F746E8 /* DMMerch.app */ = {isa = PBXFileReference; explicitFileType = wrapper.application; includeInIndex = 0; path = DMMerch.app; sourceTree = BUILT_PRODUCTS_DIR; };
		51BCA796299E912300F746E8 /* DMMerchApp.swift */ = {isa = PBXFileReference; lastKnownFileType = sourcecode.swift; path = DMMerchApp.swift; sourceTree = "<group>"; };
		51BCA798299E912300F746E8 /* ContentView.swift */ = {isa = PBXFileReference; lastKnownFileType = sourcecode.swift; path = ContentView.swift; sourceTree = "<group>"; };
		51BCA79A299E912400F746E8 /* Assets.xcassets */ = {isa = PBXFileReference; lastKnownFileType = folder.assetcatalog; path = Assets.xcassets; sourceTree = "<group>"; };
		51BCA79D299E912400F746E8 /* Preview Assets.xcassets */ = {isa = PBXFileReference; lastKnownFileType = folder.assetcatalog; path = "Preview Assets.xcassets"; sourceTree = "<group>"; };
		51BCA7A4299E912400F746E8 /* Info.plist */ = {isa = PBXFileReference; lastKnownFileType = text.plist.xml; path = Info.plist; sourceTree = "<group>"; };
		51E432A229A1A3CE00D60D33 /* InventoryView.swift */ = {isa = PBXFileReference; lastKnownFileType = sourcecode.swift; path = InventoryView.swift; sourceTree = "<group>"; };
		51E432A429A1A3DA00D60D33 /* NewPurchaseView.swift */ = {isa = PBXFileReference; lastKnownFileType = sourcecode.swift; path = NewPurchaseView.swift; sourceTree = "<group>"; };
		51E432A629A1A3E800D60D33 /* TransactionsView.swift */ = {isa = PBXFileReference; lastKnownFileType = sourcecode.swift; path = TransactionsView.swift; sourceTree = "<group>"; };
		51E432AB29A1A80700D60D33 /* PurchaseRow (outdated).swift */ = {isa = PBXFileReference; lastKnownFileType = sourcecode.swift; path = "PurchaseRow (outdated).swift"; sourceTree = "<group>"; };
		51E432AD29A322FE00D60D33 /* CartItemStruct.swift */ = {isa = PBXFileReference; lastKnownFileType = sourcecode.swift; path = CartItemStruct.swift; sourceTree = "<group>"; };
		51E432AF29A3D20200D60D33 /* CompletePurchaseView.swift */ = {isa = PBXFileReference; lastKnownFileType = sourcecode.swift; path = CompletePurchaseView.swift; sourceTree = "<group>"; };
		51E896962A717FDC0098E5AD /* ItemSize+CoreDataClass.swift */ = {isa = PBXFileReference; lastKnownFileType = sourcecode.swift; path = "ItemSize+CoreDataClass.swift"; sourceTree = "<group>"; };
		51E896972A717FDC0098E5AD /* ItemSize+CoreDataProperties.swift */ = {isa = PBXFileReference; lastKnownFileType = sourcecode.swift; path = "ItemSize+CoreDataProperties.swift"; sourceTree = "<group>"; };
		51E896982A717FDC0098E5AD /* ItemColor+CoreDataClass.swift */ = {isa = PBXFileReference; lastKnownFileType = sourcecode.swift; path = "ItemColor+CoreDataClass.swift"; sourceTree = "<group>"; };
		51E896992A717FDC0098E5AD /* ItemColor+CoreDataProperties.swift */ = {isa = PBXFileReference; lastKnownFileType = sourcecode.swift; path = "ItemColor+CoreDataProperties.swift"; sourceTree = "<group>"; };
		51E896A42A7352D60098E5AD /* EditingInventory.swift */ = {isa = PBXFileReference; lastKnownFileType = sourcecode.swift; path = EditingInventory.swift; sourceTree = "<group>"; };
		51E896A82A77F0FA0098E5AD /* CountInventory.swift */ = {isa = PBXFileReference; lastKnownFileType = sourcecode.swift; path = CountInventory.swift; sourceTree = "<group>"; };
		51E896AA2A77F6A80098E5AD /* Item+CoreDataClass.swift */ = {isa = PBXFileReference; lastKnownFileType = sourcecode.swift; path = "Item+CoreDataClass.swift"; sourceTree = "<group>"; };
		51E896AB2A77F6A80098E5AD /* Item+CoreDataProperties.swift */ = {isa = PBXFileReference; lastKnownFileType = sourcecode.swift; path = "Item+CoreDataProperties.swift"; sourceTree = "<group>"; };
		51E896AE2A782B910098E5AD /* ItemPurchaseSearch.swift */ = {isa = PBXFileReference; lastKnownFileType = sourcecode.swift; path = ItemPurchaseSearch.swift; sourceTree = "<group>"; };
		51E896B12A796E6F0098E5AD /* EditTags.swift */ = {isa = PBXFileReference; lastKnownFileType = sourcecode.swift; path = EditTags.swift; sourceTree = "<group>"; };
		51E896B32A796E7C0098E5AD /* EditOrders.swift */ = {isa = PBXFileReference; lastKnownFileType = sourcecode.swift; path = EditOrders.swift; sourceTree = "<group>"; };
		51E896B52A796E880098E5AD /* EditDiscontinued.swift */ = {isa = PBXFileReference; lastKnownFileType = sourcecode.swift; path = EditDiscontinued.swift; sourceTree = "<group>"; };
		51E896B82A7E9BCD0098E5AD /* CompletePurchase.swift */ = {isa = PBXFileReference; lastKnownFileType = sourcecode.swift; path = CompletePurchase.swift; sourceTree = "<group>"; };
/* End PBXFileReference section */

/* Begin PBXFrameworksBuildPhase section */
		51BCA790299E912300F746E8 /* Frameworks */ = {
			isa = PBXFrameworksBuildPhase;
			buildActionMask = 2147483647;
			files = (
			);
			runOnlyForDeploymentPostprocessing = 0;
		};
/* End PBXFrameworksBuildPhase section */

/* Begin PBXGroup section */
		516FEB4529CE0A170082E9FB /* Statistics */ = {
			isa = PBXGroup;
			children = (
				516FEB4629CE0A3B0082E9FB /* StatisticsView.swift */,
				513E12DF2A3A04FD001107CF /* ExportCSV.swift */,
				51405B5B29F4F819005841E6 /* csvExport.swift */,
			);
			path = Statistics;
			sourceTree = "<group>";
		};
		51701E2F2A58773500D16B13 /* Fonts */ = {
			isa = PBXGroup;
			children = (
				51701E292A58761600D16B13 /* LeagueSpartan.ttf */,
				51701E2D2A58772600D16B13 /* LeagueSpartan-Bold.ttf */,
			);
			path = Fonts;
			sourceTree = "<group>";
		};
		518CF2CE29A41B71005A46A6 /* Purchases */ = {
			isa = PBXGroup;
			children = (
				51E432A429A1A3DA00D60D33 /* NewPurchaseView.swift */,
				515B776F2A5F0F1500908626 /* PurchaseCard.swift */,
				51E432AF29A3D20200D60D33 /* CompletePurchaseView.swift */,
				51E896B82A7E9BCD0098E5AD /* CompletePurchase.swift */,
				51E432AD29A322FE00D60D33 /* CartItemStruct.swift */,
			);
			path = Purchases;
			sourceTree = "<group>";
		};
		51A3166A29B10FB3000D74A5 /* Back-End */ = {
			isa = PBXGroup;
			children = (
				514AF24629B1115200AE1E41 /* jsonData.json */,
				516E95C529A554CC0069259F /* StepperStyle.swift */,
				516FEB4329CA18740082E9FB /* Image Processing.swift */,
				51A3166829B07E5D000D74A5 /* HexColors.swift */,
				51E896A82A77F0FA0098E5AD /* CountInventory.swift */,
				51E896AE2A782B910098E5AD /* ItemPurchaseSearch.swift */,
			);
			path = "Back-End";
			sourceTree = "<group>";
		};
		51BCA78A299E912300F746E8 = {
			isa = PBXGroup;
			children = (
				51BCA795299E912300F746E8 /* DMMerch */,
				51BCA794299E912300F746E8 /* Products */,
			);
			sourceTree = "<group>";
		};
		51BCA794299E912300F746E8 /* Products */ = {
			isa = PBXGroup;
			children = (
				51BCA793299E912300F746E8 /* DMMerch.app */,
			);
			name = Products;
			sourceTree = "<group>";
		};
		51BCA795299E912300F746E8 /* DMMerch */ = {
			isa = PBXGroup;
			children = (
				51BCA796299E912300F746E8 /* DMMerchApp.swift */,
				51BCA798299E912300F746E8 /* ContentView.swift */,
				51E432A829A1A47400D60D33 /* Transactions */,
				51E432AA29A1A7F100D60D33 /* Inventory */,
				51A3166A29B10FB3000D74A5 /* Back-End */,
				516FEB4529CE0A170082E9FB /* Statistics */,
				51E432A929A1A47F00D60D33 /* CoreData */,
				51E896B72A796EBE0098E5AD /* Outdated */,
				51701E2F2A58773500D16B13 /* Fonts */,
				51BCA79C299E912400F746E8 /* Preview Content */,
				51BCA79A299E912400F746E8 /* Assets.xcassets */,
				51BCA7A4299E912400F746E8 /* Info.plist */,
			);
			path = DMMerch;
			sourceTree = "<group>";
		};
		51BCA79C299E912400F746E8 /* Preview Content */ = {
			isa = PBXGroup;
			children = (
				51BCA79D299E912400F746E8 /* Preview Assets.xcassets */,
			);
			path = "Preview Content";
			sourceTree = "<group>";
		};
		51E432A829A1A47400D60D33 /* Transactions */ = {
			isa = PBXGroup;
			children = (
				51E432A629A1A3E800D60D33 /* TransactionsView.swift */,
				518CF2C729A3E145005A46A6 /* TransactionDetailView.swift */,
				518CF2CE29A41B71005A46A6 /* Purchases */,
			);
			path = Transactions;
			sourceTree = "<group>";
		};
		51E432A929A1A47F00D60D33 /* CoreData */ = {
			isa = PBXGroup;
			children = (
				51E896AA2A77F6A80098E5AD /* Item+CoreDataClass.swift */,
				51E896AB2A77F6A80098E5AD /* Item+CoreDataProperties.swift */,
				51E896982A717FDC0098E5AD /* ItemColor+CoreDataClass.swift */,
				51E896992A717FDC0098E5AD /* ItemColor+CoreDataProperties.swift */,
				51E896962A717FDC0098E5AD /* ItemSize+CoreDataClass.swift */,
				51E896972A717FDC0098E5AD /* ItemSize+CoreDataProperties.swift */,
				51089B9D2A704A7E00C56105 /* Tag+CoreDataClass.swift */,
				51089B992A704A7E00C56105 /* Purchase+CoreDataClass.swift */,
				51089B9A2A704A7E00C56105 /* Purchase+CoreDataProperties.swift */,
				51089B9E2A704A7E00C56105 /* Tag+CoreDataProperties.swift */,
				51089B9F2A704A7E00C56105 /* ItemType+CoreDataClass.swift */,
				51089BA02A704A7E00C56105 /* ItemType+CoreDataProperties.swift */,
				51089BAB2A7075CB00C56105 /* Persistence.swift */,
				51089B832A704A4C00C56105 /* DMMerch.xcdatamodeld */,
			);
			path = CoreData;
			sourceTree = "<group>";
		};
		51E432AA29A1A7F100D60D33 /* Inventory */ = {
			isa = PBXGroup;
			children = (
				51E432A229A1A3CE00D60D33 /* InventoryView.swift */,
				51701E252A571B3A00D16B13 /* InventoryCard.swift */,
				51089B652A6ED80200C56105 /* ItemDetailView.swift */,
				51ACFCC82A8E7750006B1C43 /* AddItem.swift */,
				517C72122A699FCD0066AF09 /* TypesView.swift */,
				513F96BA299FD15400E9DCC2 /* DetailView.swift */,
				51E896B02A796E620098E5AD /* ItemEditing */,
			);
			path = Inventory;
			sourceTree = "<group>";
		};
		51E896B02A796E620098E5AD /* ItemEditing */ = {
			isa = PBXGroup;
			children = (
				51E896A42A7352D60098E5AD /* EditingInventory.swift */,
				51E896B12A796E6F0098E5AD /* EditTags.swift */,
				51E896B32A796E7C0098E5AD /* EditOrders.swift */,
				51E896B52A796E880098E5AD /* EditDiscontinued.swift */,
			);
			path = ItemEditing;
			sourceTree = "<group>";
		};
		51E896B72A796EBE0098E5AD /* Outdated */ = {
			isa = PBXGroup;
			children = (
				513F96B8299FD12700E9DCC2 /* AddItemView (outdated).swift */,
				51A3166629B07431000D74A5 /* InventoryRow (outdated).swift */,
				51E432AB29A1A80700D60D33 /* PurchaseRow (outdated).swift */,
				5197151529B5400500484B8B /* EditItemView.swift */,
			);
			path = Outdated;
			sourceTree = "<group>";
		};
/* End PBXGroup section */

/* Begin PBXNativeTarget section */
		51BCA792299E912300F746E8 /* DMMerch */ = {
			isa = PBXNativeTarget;
			buildConfigurationList = 51BCA7A7299E912400F746E8 /* Build configuration list for PBXNativeTarget "DMMerch" */;
			buildPhases = (
				51BCA78F299E912300F746E8 /* Sources */,
				51BCA790299E912300F746E8 /* Frameworks */,
				51BCA791299E912300F746E8 /* Resources */,
			);
			buildRules = (
			);
			dependencies = (
			);
			name = DMMerch;
			productName = DMMerch;
			productReference = 51BCA793299E912300F746E8 /* DMMerch.app */;
			productType = "com.apple.product-type.application";
		};
/* End PBXNativeTarget section */

/* Begin PBXProject section */
		51BCA78B299E912300F746E8 /* Project object */ = {
			isa = PBXProject;
			attributes = {
				BuildIndependentTargetsInParallel = 1;
				LastSwiftUpdateCheck = 1420;
				LastUpgradeCheck = 1420;
				TargetAttributes = {
					51BCA792299E912300F746E8 = {
						CreatedOnToolsVersion = 14.2;
					};
				};
			};
			buildConfigurationList = 51BCA78E299E912300F746E8 /* Build configuration list for PBXProject "VolThon" */;
			compatibilityVersion = "Xcode 14.0";
			developmentRegion = en;
			hasScannedForEncodings = 0;
			knownRegions = (
				en,
				Base,
			);
			mainGroup = 51BCA78A299E912300F746E8;
			productRefGroup = 51BCA794299E912300F746E8 /* Products */;
			projectDirPath = "";
			projectRoot = "";
			targets = (
				51BCA792299E912300F746E8 /* DMMerch */,
			);
		};
/* End PBXProject section */

/* Begin PBXResourcesBuildPhase section */
		51BCA791299E912300F746E8 /* Resources */ = {
			isa = PBXResourcesBuildPhase;
			buildActionMask = 2147483647;
			files = (
				514AF24729B1115200AE1E41 /* jsonData.json in Resources */,
				51701E2E2A58772700D16B13 /* LeagueSpartan-Bold.ttf in Resources */,
				51BCA79E299E912400F746E8 /* Preview Assets.xcassets in Resources */,
				51701E2A2A58761600D16B13 /* LeagueSpartan.ttf in Resources */,
				51BCA79B299E912400F746E8 /* Assets.xcassets in Resources */,
			);
			runOnlyForDeploymentPostprocessing = 0;
		};
/* End PBXResourcesBuildPhase section */

/* Begin PBXSourcesBuildPhase section */
		51BCA78F299E912300F746E8 /* Sources */ = {
			isa = PBXSourcesBuildPhase;
			buildActionMask = 2147483647;
			files = (
				51089BA92A704A7E00C56105 /* ItemType+CoreDataClass.swift in Sources */,
				51089BA32A704A7E00C56105 /* Purchase+CoreDataClass.swift in Sources */,
				51E432A529A1A3DA00D60D33 /* NewPurchaseView.swift in Sources */,
				51E896A52A7352D60098E5AD /* EditingInventory.swift in Sources */,
				51A3166729B07431000D74A5 /* InventoryRow (outdated).swift in Sources */,
				513F96BB299FD15400E9DCC2 /* DetailView.swift in Sources */,
				515B77702A5F0F1500908626 /* PurchaseCard.swift in Sources */,
				51E432A329A1A3CE00D60D33 /* InventoryView.swift in Sources */,
				51E432A729A1A3E800D60D33 /* TransactionsView.swift in Sources */,
				51089B662A6ED80200C56105 /* ItemDetailView.swift in Sources */,
				51089B922A704A4C00C56105 /* DMMerch.xcdatamodeld in Sources */,
				517C72132A699FCD0066AF09 /* TypesView.swift in Sources */,
				51E432B029A3D20200D60D33 /* CompletePurchaseView.swift in Sources */,
				51E896B92A7E9BCD0098E5AD /* CompletePurchase.swift in Sources */,
				51ACFCC92A8E7750006B1C43 /* AddItem.swift in Sources */,
				51BCA799299E912300F746E8 /* ContentView.swift in Sources */,
				51089BA82A704A7E00C56105 /* Tag+CoreDataProperties.swift in Sources */,
				516E95C629A554CC0069259F /* StepperStyle.swift in Sources */,
				51E432AC29A1A80700D60D33 /* PurchaseRow (outdated).swift in Sources */,
				51E8969E2A717FDC0098E5AD /* ItemColor+CoreDataClass.swift in Sources */,
				51089BA42A704A7E00C56105 /* Purchase+CoreDataProperties.swift in Sources */,
				51E896B22A796E6F0098E5AD /* EditTags.swift in Sources */,
				513E12E02A3A04FD001107CF /* ExportCSV.swift in Sources */,
				516FEB4729CE0A3B0082E9FB /* StatisticsView.swift in Sources */,
				51E432AE29A322FE00D60D33 /* CartItemStruct.swift in Sources */,
				518CF2C829A3E145005A46A6 /* TransactionDetailView.swift in Sources */,
				51E896B62A796E880098E5AD /* EditDiscontinued.swift in Sources */,
				51E896AD2A77F6A80098E5AD /* Item+CoreDataProperties.swift in Sources */,
				516FEB4429CA18740082E9FB /* Image Processing.swift in Sources */,
				51E896A92A77F0FA0098E5AD /* CountInventory.swift in Sources */,
				51089BAC2A7075CB00C56105 /* Persistence.swift in Sources */,
				51E896B42A796E7C0098E5AD /* EditOrders.swift in Sources */,
				51089BAA2A704A7E00C56105 /* ItemType+CoreDataProperties.swift in Sources */,
				51405B5C29F4F819005841E6 /* csvExport.swift in Sources */,
				51E896AC2A77F6A80098E5AD /* Item+CoreDataClass.swift in Sources */,
				51E8969D2A717FDC0098E5AD /* ItemSize+CoreDataProperties.swift in Sources */,
				51089BA72A704A7E00C56105 /* Tag+CoreDataClass.swift in Sources */,
				51701E262A571B3A00D16B13 /* InventoryCard.swift in Sources */,
				51E8969F2A717FDC0098E5AD /* ItemColor+CoreDataProperties.swift in Sources */,
				51BCA797299E912300F746E8 /* DMMerchApp.swift in Sources */,
				51E896AF2A782B910098E5AD /* ItemPurchaseSearch.swift in Sources */,
				51E8969C2A717FDC0098E5AD /* ItemSize+CoreDataClass.swift in Sources */,
				51A3166929B07E5D000D74A5 /* HexColors.swift in Sources */,
				513F96B9299FD12700E9DCC2 /* AddItemView (outdated).swift in Sources */,
				5197151629B5400500484B8B /* EditItemView.swift in Sources */,
			);
			runOnlyForDeploymentPostprocessing = 0;
		};
/* End PBXSourcesBuildPhase section */

/* Begin XCBuildConfiguration section */
		51BCA7A5299E912400F746E8 /* Debug */ = {
			isa = XCBuildConfiguration;
			buildSettings = {
				ALWAYS_SEARCH_USER_PATHS = NO;
				CLANG_ANALYZER_NONNULL = YES;
				CLANG_ANALYZER_NUMBER_OBJECT_CONVERSION = YES_AGGRESSIVE;
				CLANG_CXX_LANGUAGE_STANDARD = "gnu++20";
				CLANG_ENABLE_MODULES = YES;
				CLANG_ENABLE_OBJC_ARC = YES;
				CLANG_ENABLE_OBJC_WEAK = YES;
				CLANG_WARN_BLOCK_CAPTURE_AUTORELEASING = YES;
				CLANG_WARN_BOOL_CONVERSION = YES;
				CLANG_WARN_COMMA = YES;
				CLANG_WARN_CONSTANT_CONVERSION = YES;
				CLANG_WARN_DEPRECATED_OBJC_IMPLEMENTATIONS = YES;
				CLANG_WARN_DIRECT_OBJC_ISA_USAGE = YES_ERROR;
				CLANG_WARN_DOCUMENTATION_COMMENTS = YES;
				CLANG_WARN_EMPTY_BODY = YES;
				CLANG_WARN_ENUM_CONVERSION = YES;
				CLANG_WARN_INFINITE_RECURSION = YES;
				CLANG_WARN_INT_CONVERSION = YES;
				CLANG_WARN_NON_LITERAL_NULL_CONVERSION = YES;
				CLANG_WARN_OBJC_IMPLICIT_RETAIN_SELF = YES;
				CLANG_WARN_OBJC_LITERAL_CONVERSION = YES;
				CLANG_WARN_OBJC_ROOT_CLASS = YES_ERROR;
				CLANG_WARN_QUOTED_INCLUDE_IN_FRAMEWORK_HEADER = YES;
				CLANG_WARN_RANGE_LOOP_ANALYSIS = YES;
				CLANG_WARN_STRICT_PROTOTYPES = YES;
				CLANG_WARN_SUSPICIOUS_MOVE = YES;
				CLANG_WARN_UNGUARDED_AVAILABILITY = YES_AGGRESSIVE;
				CLANG_WARN_UNREACHABLE_CODE = YES;
				CLANG_WARN__DUPLICATE_METHOD_MATCH = YES;
				COPY_PHASE_STRIP = NO;
				DEBUG_INFORMATION_FORMAT = dwarf;
				ENABLE_STRICT_OBJC_MSGSEND = YES;
				ENABLE_TESTABILITY = YES;
				GCC_C_LANGUAGE_STANDARD = gnu11;
				GCC_DYNAMIC_NO_PIC = NO;
				GCC_NO_COMMON_BLOCKS = YES;
				GCC_OPTIMIZATION_LEVEL = 0;
				GCC_PREPROCESSOR_DEFINITIONS = (
					"DEBUG=1",
					"$(inherited)",
				);
				GCC_WARN_64_TO_32_BIT_CONVERSION = YES;
				GCC_WARN_ABOUT_RETURN_TYPE = YES_ERROR;
				GCC_WARN_UNDECLARED_SELECTOR = YES;
				GCC_WARN_UNINITIALIZED_AUTOS = YES_AGGRESSIVE;
				GCC_WARN_UNUSED_FUNCTION = YES;
				GCC_WARN_UNUSED_VARIABLE = YES;
				IPHONEOS_DEPLOYMENT_TARGET = 16.2;
				MTL_ENABLE_DEBUG_INFO = INCLUDE_SOURCE;
				MTL_FAST_MATH = YES;
				ONLY_ACTIVE_ARCH = YES;
				SDKROOT = iphoneos;
				SWIFT_ACTIVE_COMPILATION_CONDITIONS = DEBUG;
				SWIFT_OPTIMIZATION_LEVEL = "-Onone";
			};
			name = Debug;
		};
		51BCA7A6299E912400F746E8 /* Release */ = {
			isa = XCBuildConfiguration;
			buildSettings = {
				ALWAYS_SEARCH_USER_PATHS = NO;
				CLANG_ANALYZER_NONNULL = YES;
				CLANG_ANALYZER_NUMBER_OBJECT_CONVERSION = YES_AGGRESSIVE;
				CLANG_CXX_LANGUAGE_STANDARD = "gnu++20";
				CLANG_ENABLE_MODULES = YES;
				CLANG_ENABLE_OBJC_ARC = YES;
				CLANG_ENABLE_OBJC_WEAK = YES;
				CLANG_WARN_BLOCK_CAPTURE_AUTORELEASING = YES;
				CLANG_WARN_BOOL_CONVERSION = YES;
				CLANG_WARN_COMMA = YES;
				CLANG_WARN_CONSTANT_CONVERSION = YES;
				CLANG_WARN_DEPRECATED_OBJC_IMPLEMENTATIONS = YES;
				CLANG_WARN_DIRECT_OBJC_ISA_USAGE = YES_ERROR;
				CLANG_WARN_DOCUMENTATION_COMMENTS = YES;
				CLANG_WARN_EMPTY_BODY = YES;
				CLANG_WARN_ENUM_CONVERSION = YES;
				CLANG_WARN_INFINITE_RECURSION = YES;
				CLANG_WARN_INT_CONVERSION = YES;
				CLANG_WARN_NON_LITERAL_NULL_CONVERSION = YES;
				CLANG_WARN_OBJC_IMPLICIT_RETAIN_SELF = YES;
				CLANG_WARN_OBJC_LITERAL_CONVERSION = YES;
				CLANG_WARN_OBJC_ROOT_CLASS = YES_ERROR;
				CLANG_WARN_QUOTED_INCLUDE_IN_FRAMEWORK_HEADER = YES;
				CLANG_WARN_RANGE_LOOP_ANALYSIS = YES;
				CLANG_WARN_STRICT_PROTOTYPES = YES;
				CLANG_WARN_SUSPICIOUS_MOVE = YES;
				CLANG_WARN_UNGUARDED_AVAILABILITY = YES_AGGRESSIVE;
				CLANG_WARN_UNREACHABLE_CODE = YES;
				CLANG_WARN__DUPLICATE_METHOD_MATCH = YES;
				COPY_PHASE_STRIP = NO;
				DEBUG_INFORMATION_FORMAT = "dwarf-with-dsym";
				ENABLE_NS_ASSERTIONS = NO;
				ENABLE_STRICT_OBJC_MSGSEND = YES;
				GCC_C_LANGUAGE_STANDARD = gnu11;
				GCC_NO_COMMON_BLOCKS = YES;
				GCC_WARN_64_TO_32_BIT_CONVERSION = YES;
				GCC_WARN_ABOUT_RETURN_TYPE = YES_ERROR;
				GCC_WARN_UNDECLARED_SELECTOR = YES;
				GCC_WARN_UNINITIALIZED_AUTOS = YES_AGGRESSIVE;
				GCC_WARN_UNUSED_FUNCTION = YES;
				GCC_WARN_UNUSED_VARIABLE = YES;
				IPHONEOS_DEPLOYMENT_TARGET = 16.2;
				MTL_ENABLE_DEBUG_INFO = NO;
				MTL_FAST_MATH = YES;
				SDKROOT = iphoneos;
				SWIFT_COMPILATION_MODE = wholemodule;
				SWIFT_OPTIMIZATION_LEVEL = "-O";
				VALIDATE_PRODUCT = YES;
			};
			name = Release;
		};
		51BCA7A8299E912400F746E8 /* Debug */ = {
			isa = XCBuildConfiguration;
			buildSettings = {
				ASSETCATALOG_COMPILER_APPICON_NAME = AppIcon;
				ASSETCATALOG_COMPILER_GLOBAL_ACCENT_COLOR_NAME = AccentColor;
				CODE_SIGN_STYLE = Automatic;
				CURRENT_PROJECT_VERSION = 1;
				DEVELOPMENT_ASSET_PATHS = "\"DMMerch/Preview Content\"";
				DEVELOPMENT_TEAM = XPTCBFSZ98;
				ENABLE_PREVIEWS = YES;
				GENERATE_INFOPLIST_FILE = YES;
				INFOPLIST_FILE = DMMerch/Info.plist;
				INFOPLIST_KEY_UIApplicationSceneManifest_Generation = YES;
				INFOPLIST_KEY_UIApplicationSupportsIndirectInputEvents = YES;
				INFOPLIST_KEY_UILaunchScreen_Generation = YES;
				INFOPLIST_KEY_UISupportedInterfaceOrientations_iPad = "UIInterfaceOrientationPortrait UIInterfaceOrientationPortraitUpsideDown UIInterfaceOrientationLandscapeLeft UIInterfaceOrientationLandscapeRight";
				INFOPLIST_KEY_UISupportedInterfaceOrientations_iPhone = "UIInterfaceOrientationPortrait UIInterfaceOrientationLandscapeLeft UIInterfaceOrientationLandscapeRight";
				LD_RUNPATH_SEARCH_PATHS = (
					"$(inherited)",
					"@executable_path/Frameworks",
				);
				MARKETING_VERSION = 1.0;
				PRODUCT_BUNDLE_IDENTIFIER = com.swl.DMMerch;
				PRODUCT_NAME = "$(TARGET_NAME)";
				SWIFT_EMIT_LOC_STRINGS = YES;
				SWIFT_VERSION = 5.0;
				TARGETED_DEVICE_FAMILY = "1,2";
			};
			name = Debug;
		};
		51BCA7A9299E912400F746E8 /* Release */ = {
			isa = XCBuildConfiguration;
			buildSettings = {
				ASSETCATALOG_COMPILER_APPICON_NAME = AppIcon;
				ASSETCATALOG_COMPILER_GLOBAL_ACCENT_COLOR_NAME = AccentColor;
				CODE_SIGN_STYLE = Automatic;
				CURRENT_PROJECT_VERSION = 1;
				DEVELOPMENT_ASSET_PATHS = "\"DMMerch/Preview Content\"";
				DEVELOPMENT_TEAM = XPTCBFSZ98;
				ENABLE_PREVIEWS = YES;
				GENERATE_INFOPLIST_FILE = YES;
				INFOPLIST_FILE = DMMerch/Info.plist;
				INFOPLIST_KEY_UIApplicationSceneManifest_Generation = YES;
				INFOPLIST_KEY_UIApplicationSupportsIndirectInputEvents = YES;
				INFOPLIST_KEY_UILaunchScreen_Generation = YES;
				INFOPLIST_KEY_UISupportedInterfaceOrientations_iPad = "UIInterfaceOrientationPortrait UIInterfaceOrientationPortraitUpsideDown UIInterfaceOrientationLandscapeLeft UIInterfaceOrientationLandscapeRight";
				INFOPLIST_KEY_UISupportedInterfaceOrientations_iPhone = "UIInterfaceOrientationPortrait UIInterfaceOrientationLandscapeLeft UIInterfaceOrientationLandscapeRight";
				LD_RUNPATH_SEARCH_PATHS = (
					"$(inherited)",
					"@executable_path/Frameworks",
				);
				MARKETING_VERSION = 1.0;
				PRODUCT_BUNDLE_IDENTIFIER = com.swl.DMMerch;
				PRODUCT_NAME = "$(TARGET_NAME)";
				SWIFT_EMIT_LOC_STRINGS = YES;
				SWIFT_VERSION = 5.0;
				TARGETED_DEVICE_FAMILY = "1,2";
			};
			name = Release;
		};
/* End XCBuildConfiguration section */

/* Begin XCConfigurationList section */
		51BCA78E299E912300F746E8 /* Build configuration list for PBXProject "VolThon" */ = {
			isa = XCConfigurationList;
			buildConfigurations = (
				51BCA7A5299E912400F746E8 /* Debug */,
				51BCA7A6299E912400F746E8 /* Release */,
			);
			defaultConfigurationIsVisible = 0;
			defaultConfigurationName = Release;
		};
		51BCA7A7299E912400F746E8 /* Build configuration list for PBXNativeTarget "DMMerch" */ = {
			isa = XCConfigurationList;
			buildConfigurations = (
				51BCA7A8299E912400F746E8 /* Debug */,
				51BCA7A9299E912400F746E8 /* Release */,
			);
			defaultConfigurationIsVisible = 0;
			defaultConfigurationName = Release;
		};
/* End XCConfigurationList section */

/* Begin XCVersionGroup section */
		51089B832A704A4C00C56105 /* DMMerch.xcdatamodeld */ = {
			isa = XCVersionGroup;
			children = (
				51089B842A704A4C00C56105 /* DMMerch.xcdatamodel */,
			);
			currentVersion = 51089B842A704A4C00C56105 /* DMMerch.xcdatamodel */;
			path = DMMerch.xcdatamodeld;
			sourceTree = "<group>";
			versionGroupType = wrapper.xcdatamodel;
		};
/* End XCVersionGroup section */
	};
	rootObject = 51BCA78B299E912300F746E8 /* Project object */;
}
